
Microsoft Visual Studio Solution File, Format Version 12.00
# Visual Studio Version 17
VisualStudioVersion = 17.9.34728.123
MinimumVisualStudioVersion = 10.0.40219.1
Project("{FAE04EC0-301F-11D3-BF4B-00C04F79EFBC}") = "ConsoleApp", "ConsoleApp\ConsoleApp.csproj", "{2D9149B9-AFEB-4B09-8F9B-77CB7B177CDB}"
EndProject
Global
	GlobalSection(SolutionConfigurationPlatforms) = preSolution
		Debug|Any CPU = Debug|Any CPU
		Release|Any CPU = Release|Any CPU
	EndGlobalSection
	GlobalSection(ProjectConfigurationPlatforms) = postSolution
		{2D9149B9-AFEB-4B09-8F9B-77CB7B177CDB}.Debug|Any CPU.ActiveCfg = Debug|Any CPU
		{2D9149B9-AFEB-4B09-8F9B-77CB7B177CDB}.Debug|Any CPU.Build.0 = Debug|Any CPU
		{2D9149B9-AFEB-4B09-8F9B-77CB7B177CDB}.Release|Any CPU.ActiveCfg = Release|Any CPU
		{2D9149B9-AFEB-4B09-8F9B-77CB7B177CDB}.Release|Any CPU.Build.0 = Release|Any CPU
	EndGlobalSection
	GlobalSection(SolutionProperties) = preSolution
		HideSolutionNode = FALSE
	EndGlobalSection
	GlobalSection(ExtensibilityGlobals) = postSolution
		SolutionGuid = {6DE07E33-2C79-48B5-B198-30327BD5A898}
	EndGlobalSection
EndGlobal
